// !$*UTF8*$!
{
	archiveVersion = 1;
	classes = {
	};
	objectVersion = 46;
	objects = {

/* Begin PBXBuildFile section */
		9238260EBCA2DA9536F48E3F /* libPods-RPi Volume.a in Frameworks */ = {isa = PBXBuildFile; fileRef = EEA69AFB44CB3E3AA4BFDD44 /* libPods-RPi Volume.a */; };
		E57699731D18CA47003BDE42 /* AppDelegate.m in Sources */ = {isa = PBXBuildFile; fileRef = E57699721D18CA47003BDE42 /* AppDelegate.m */; };
		E57699761D18CA47003BDE42 /* main.m in Sources */ = {isa = PBXBuildFile; fileRef = E57699751D18CA47003BDE42 /* main.m */; };
		E57699791D18CA47003BDE42 /* ViewController.m in Sources */ = {isa = PBXBuildFile; fileRef = E57699781D18CA47003BDE42 /* ViewController.m */; };
		E576997B1D18CA47003BDE42 /* Assets.xcassets in Resources */ = {isa = PBXBuildFile; fileRef = E576997A1D18CA47003BDE42 /* Assets.xcassets */; };
		E576997E1D18CA47003BDE42 /* Main.storyboard in Resources */ = {isa = PBXBuildFile; fileRef = E576997C1D18CA47003BDE42 /* Main.storyboard */; };
		E57699891D18CA48003BDE42 /* RPi_VolumeTests.m in Sources */ = {isa = PBXBuildFile; fileRef = E57699881D18CA48003BDE42 /* RPi_VolumeTests.m */; };
		E57699941D18CA48003BDE42 /* RPi_VolumeUITests.m in Sources */ = {isa = PBXBuildFile; fileRef = E57699931D18CA48003BDE42 /* RPi_VolumeUITests.m */; };
/* End PBXBuildFile section */

/* Begin PBXContainerItemProxy section */
		E57699851D18CA48003BDE42 /* PBXContainerItemProxy */ = {
			isa = PBXContainerItemProxy;
			containerPortal = E57699661D18CA47003BDE42 /* Project object */;
			proxyType = 1;
			remoteGlobalIDString = E576996D1D18CA47003BDE42;
			remoteInfo = "RPi Volume";
		};
		E57699901D18CA48003BDE42 /* PBXContainerItemProxy */ = {
			isa = PBXContainerItemProxy;
			containerPortal = E57699661D18CA47003BDE42 /* Project object */;
			proxyType = 1;
			remoteGlobalIDString = E576996D1D18CA47003BDE42;
			remoteInfo = "RPi Volume";
		};
/* End PBXContainerItemProxy section */

/* Begin PBXFileReference section */
		4A8982C943D22FFEA435422A /* Pods-RPi Volume.debug.xcconfig */ = {isa = PBXFileReference; includeInIndex = 1; lastKnownFileType = text.xcconfig; name = "Pods-RPi Volume.debug.xcconfig"; path = "Pods/Target Support Files/Pods-RPi Volume/Pods-RPi Volume.debug.xcconfig"; sourceTree = "<group>"; };
		814B2EF2823F324487B2B38B /* Pods-RPi Volume.release.xcconfig */ = {isa = PBXFileReference; includeInIndex = 1; lastKnownFileType = text.xcconfig; name = "Pods-RPi Volume.release.xcconfig"; path = "Pods/Target Support Files/Pods-RPi Volume/Pods-RPi Volume.release.xcconfig"; sourceTree = "<group>"; };
		E576996E1D18CA47003BDE42 /* RPi Volume.app */ = {isa = PBXFileReference; explicitFileType = wrapper.application; includeInIndex = 0; path = "RPi Volume.app"; sourceTree = BUILT_PRODUCTS_DIR; };
		E57699711D18CA47003BDE42 /* AppDelegate.h */ = {isa = PBXFileReference; lastKnownFileType = sourcecode.c.h; path = AppDelegate.h; sourceTree = "<group>"; };
		E57699721D18CA47003BDE42 /* AppDelegate.m */ = {isa = PBXFileReference; lastKnownFileType = sourcecode.c.objc; path = AppDelegate.m; sourceTree = "<group>"; };
		E57699751D18CA47003BDE42 /* main.m */ = {isa = PBXFileReference; lastKnownFileType = sourcecode.c.objc; path = main.m; sourceTree = "<group>"; };
		E57699771D18CA47003BDE42 /* ViewController.h */ = {isa = PBXFileReference; lastKnownFileType = sourcecode.c.h; path = ViewController.h; sourceTree = "<group>"; };
		E57699781D18CA47003BDE42 /* ViewController.m */ = {isa = PBXFileReference; lastKnownFileType = sourcecode.c.objc; path = ViewController.m; sourceTree = "<group>"; };
		E576997A1D18CA47003BDE42 /* Assets.xcassets */ = {isa = PBXFileReference; lastKnownFileType = folder.assetcatalog; path = Assets.xcassets; sourceTree = "<group>"; };
		E576997D1D18CA47003BDE42 /* Base */ = {isa = PBXFileReference; lastKnownFileType = file.storyboard; name = Base; path = Base.lproj/Main.storyboard; sourceTree = "<group>"; };
		E576997F1D18CA47003BDE42 /* Info.plist */ = {isa = PBXFileReference; lastKnownFileType = text.plist.xml; path = Info.plist; sourceTree = "<group>"; };
		E57699841D18CA48003BDE42 /* RPi VolumeTests.xctest */ = {isa = PBXFileReference; explicitFileType = wrapper.cfbundle; includeInIndex = 0; path = "RPi VolumeTests.xctest"; sourceTree = BUILT_PRODUCTS_DIR; };
		E57699881D18CA48003BDE42 /* RPi_VolumeTests.m */ = {isa = PBXFileReference; lastKnownFileType = sourcecode.c.objc; path = RPi_VolumeTests.m; sourceTree = "<group>"; };
		E576998A1D18CA48003BDE42 /* Info.plist */ = {isa = PBXFileReference; lastKnownFileType = text.plist.xml; path = Info.plist; sourceTree = "<group>"; };
		E576998F1D18CA48003BDE42 /* RPi VolumeUITests.xctest */ = {isa = PBXFileReference; explicitFileType = wrapper.cfbundle; includeInIndex = 0; path = "RPi VolumeUITests.xctest"; sourceTree = BUILT_PRODUCTS_DIR; };
		E57699931D18CA48003BDE42 /* RPi_VolumeUITests.m */ = {isa = PBXFileReference; lastKnownFileType = sourcecode.c.objc; path = RPi_VolumeUITests.m; sourceTree = "<group>"; };
		E57699951D18CA48003BDE42 /* Info.plist */ = {isa = PBXFileReference; lastKnownFileType = text.plist.xml; path = Info.plist; sourceTree = "<group>"; };
		EEA69AFB44CB3E3AA4BFDD44 /* libPods-RPi Volume.a */ = {isa = PBXFileReference; explicitFileType = archive.ar; includeInIndex = 0; path = "libPods-RPi Volume.a"; sourceTree = BUILT_PRODUCTS_DIR; };
/* End PBXFileReference section */

/* Begin PBXFrameworksBuildPhase section */
		E576996B1D18CA47003BDE42 /* Frameworks */ = {
			isa = PBXFrameworksBuildPhase;
			buildActionMask = 2147483647;
			files = (
				9238260EBCA2DA9536F48E3F /* libPods-RPi Volume.a in Frameworks */,
			);
			runOnlyForDeploymentPostprocessing = 0;
		};
		E57699811D18CA48003BDE42 /* Frameworks */ = {
			isa = PBXFrameworksBuildPhase;
			buildActionMask = 2147483647;
			files = (
			);
			runOnlyForDeploymentPostprocessing = 0;
		};
		E576998C1D18CA48003BDE42 /* Frameworks */ = {
			isa = PBXFrameworksBuildPhase;
			buildActionMask = 2147483647;
			files = (
			);
			runOnlyForDeploymentPostprocessing = 0;
		};
/* End PBXFrameworksBuildPhase section */

/* Begin PBXGroup section */
		C3B852149B58EC8A276BB170 /* Frameworks */ = {
			isa = PBXGroup;
			children = (
				EEA69AFB44CB3E3AA4BFDD44 /* libPods-RPi Volume.a */,
			);
			name = Frameworks;
			sourceTree = "<group>";
		};
		D6751F8E4E564EE89DD72043 /* Pods */ = {
			isa = PBXGroup;
			children = (
				4A8982C943D22FFEA435422A /* Pods-RPi Volume.debug.xcconfig */,
				814B2EF2823F324487B2B38B /* Pods-RPi Volume.release.xcconfig */,
			);
			name = Pods;
			sourceTree = "<group>";
		};
		E57699651D18CA47003BDE42 = {
			isa = PBXGroup;
			children = (
				E57699701D18CA47003BDE42 /* RPi Volume */,
				E57699871D18CA48003BDE42 /* RPi VolumeTests */,
				E57699921D18CA48003BDE42 /* RPi VolumeUITests */,
				E576996F1D18CA47003BDE42 /* Products */,
				D6751F8E4E564EE89DD72043 /* Pods */,
				C3B852149B58EC8A276BB170 /* Frameworks */,
			);
			sourceTree = "<group>";
		};
		E576996F1D18CA47003BDE42 /* Products */ = {
			isa = PBXGroup;
			children = (
				E576996E1D18CA47003BDE42 /* RPi Volume.app */,
				E57699841D18CA48003BDE42 /* RPi VolumeTests.xctest */,
				E576998F1D18CA48003BDE42 /* RPi VolumeUITests.xctest */,
			);
			name = Products;
			sourceTree = "<group>";
		};
		E57699701D18CA47003BDE42 /* RPi Volume */ = {
			isa = PBXGroup;
			children = (
				E57699711D18CA47003BDE42 /* AppDelegate.h */,
				E57699721D18CA47003BDE42 /* AppDelegate.m */,
				E57699771D18CA47003BDE42 /* ViewController.h */,
				E57699781D18CA47003BDE42 /* ViewController.m */,
				E576997A1D18CA47003BDE42 /* Assets.xcassets */,
				E576997C1D18CA47003BDE42 /* Main.storyboard */,
				E576997F1D18CA47003BDE42 /* Info.plist */,
				E57699741D18CA47003BDE42 /* Supporting Files */,
			);
			path = "RPi Volume";
			sourceTree = "<group>";
		};
		E57699741D18CA47003BDE42 /* Supporting Files */ = {
			isa = PBXGroup;
			children = (
				E57699751D18CA47003BDE42 /* main.m */,
			);
			name = "Supporting Files";
			sourceTree = "<group>";
		};
		E57699871D18CA48003BDE42 /* RPi VolumeTests */ = {
			isa = PBXGroup;
			children = (
				E57699881D18CA48003BDE42 /* RPi_VolumeTests.m */,
				E576998A1D18CA48003BDE42 /* Info.plist */,
			);
			path = "RPi VolumeTests";
			sourceTree = "<group>";
		};
		E57699921D18CA48003BDE42 /* RPi VolumeUITests */ = {
			isa = PBXGroup;
			children = (
				E57699931D18CA48003BDE42 /* RPi_VolumeUITests.m */,
				E57699951D18CA48003BDE42 /* Info.plist */,
			);
			path = "RPi VolumeUITests";
			sourceTree = "<group>";
		};
/* End PBXGroup section */

/* Begin PBXNativeTarget section */
		E576996D1D18CA47003BDE42 /* RPi Volume */ = {
			isa = PBXNativeTarget;
			buildConfigurationList = E57699981D18CA48003BDE42 /* Build configuration list for PBXNativeTarget "RPi Volume" */;
			buildPhases = (
				9EF259F337BE673246E10AEC /* Check Pods Manifest.lock */,
				E576996A1D18CA47003BDE42 /* Sources */,
				E576996B1D18CA47003BDE42 /* Frameworks */,
				E576996C1D18CA47003BDE42 /* Resources */,
				C36007C4220891C5A5C420C0 /* Copy Pods Resources */,
			);
			buildRules = (
			);
			dependencies = (
			);
			name = "RPi Volume";
			productName = "RPi Volume";
			productReference = E576996E1D18CA47003BDE42 /* RPi Volume.app */;
			productType = "com.apple.product-type.application";
		};
		E57699831D18CA48003BDE42 /* RPi VolumeTests */ = {
			isa = PBXNativeTarget;
			buildConfigurationList = E576999B1D18CA48003BDE42 /* Build configuration list for PBXNativeTarget "RPi VolumeTests" */;
			buildPhases = (
				E57699801D18CA48003BDE42 /* Sources */,
				E57699811D18CA48003BDE42 /* Frameworks */,
				E57699821D18CA48003BDE42 /* Resources */,
			);
			buildRules = (
			);
			dependencies = (
				E57699861D18CA48003BDE42 /* PBXTargetDependency */,
			);
			name = "RPi VolumeTests";
			productName = "RPi VolumeTests";
			productReference = E57699841D18CA48003BDE42 /* RPi VolumeTests.xctest */;
			productType = "com.apple.product-type.bundle.unit-test";
		};
		E576998E1D18CA48003BDE42 /* RPi VolumeUITests */ = {
			isa = PBXNativeTarget;
			buildConfigurationList = E576999E1D18CA48003BDE42 /* Build configuration list for PBXNativeTarget "RPi VolumeUITests" */;
			buildPhases = (
				E576998B1D18CA48003BDE42 /* Sources */,
				E576998C1D18CA48003BDE42 /* Frameworks */,
				E576998D1D18CA48003BDE42 /* Resources */,
			);
			buildRules = (
			);
			dependencies = (
				E57699911D18CA48003BDE42 /* PBXTargetDependency */,
			);
			name = "RPi VolumeUITests";
			productName = "RPi VolumeUITests";
			productReference = E576998F1D18CA48003BDE42 /* RPi VolumeUITests.xctest */;
			productType = "com.apple.product-type.bundle.ui-testing";
		};
/* End PBXNativeTarget section */

/* Begin PBXProject section */
		E57699661D18CA47003BDE42 /* Project object */ = {
			isa = PBXProject;
			attributes = {
				LastUpgradeCheck = 0730;
				ORGANIZATIONNAME = "Shankar Rao";
				TargetAttributes = {
					E576996D1D18CA47003BDE42 = {
						CreatedOnToolsVersion = 7.3.1;
					};
					E57699831D18CA48003BDE42 = {
						CreatedOnToolsVersion = 7.3.1;
						TestTargetID = E576996D1D18CA47003BDE42;
					};
					E576998E1D18CA48003BDE42 = {
						CreatedOnToolsVersion = 7.3.1;
						TestTargetID = E576996D1D18CA47003BDE42;
					};
				};
			};
			buildConfigurationList = E57699691D18CA47003BDE42 /* Build configuration list for PBXProject "RPi Volume" */;
			compatibilityVersion = "Xcode 3.2";
			developmentRegion = English;
			hasScannedForEncodings = 0;
			knownRegions = (
				en,
				Base,
			);
			mainGroup = E57699651D18CA47003BDE42;
			productRefGroup = E576996F1D18CA47003BDE42 /* Products */;
			projectDirPath = "";
			projectRoot = "";
			targets = (
				E576996D1D18CA47003BDE42 /* RPi Volume */,
				E57699831D18CA48003BDE42 /* RPi VolumeTests */,
				E576998E1D18CA48003BDE42 /* RPi VolumeUITests */,
			);
		};
/* End PBXProject section */

/* Begin PBXResourcesBuildPhase section */
		E576996C1D18CA47003BDE42 /* Resources */ = {
			isa = PBXResourcesBuildPhase;
			buildActionMask = 2147483647;
			files = (
				E576997B1D18CA47003BDE42 /* Assets.xcassets in Resources */,
				E576997E1D18CA47003BDE42 /* Main.storyboard in Resources */,
			);
			runOnlyForDeploymentPostprocessing = 0;
		};
		E57699821D18CA48003BDE42 /* Resources */ = {
			isa = PBXResourcesBuildPhase;
			buildActionMask = 2147483647;
			files = (
			);
			runOnlyForDeploymentPostprocessing = 0;
		};
		E576998D1D18CA48003BDE42 /* Resources */ = {
			isa = PBXResourcesBuildPhase;
			buildActionMask = 2147483647;
			files = (
			);
			runOnlyForDeploymentPostprocessing = 0;
		};
/* End PBXResourcesBuildPhase section */

/* Begin PBXShellScriptBuildPhase section */
		9EF259F337BE673246E10AEC /* Check Pods Manifest.lock */ = {
			isa = PBXShellScriptBuildPhase;
			buildActionMask = 2147483647;
			files = (
			);
			inputPaths = (
			);
			name = "Check Pods Manifest.lock";
			outputPaths = (
			);
			runOnlyForDeploymentPostprocessing = 0;
			shellPath = /bin/sh;
			shellScript = "diff \"${PODS_ROOT}/../Podfile.lock\" \"${PODS_ROOT}/Manifest.lock\" > /dev/null\nif [[ $? != 0 ]] ; then\n    cat << EOM\nerror: The sandbox is not in sync with the Podfile.lock. Run 'pod install' or update your CocoaPods installation.\nEOM\n    exit 1\nfi\n";
			showEnvVarsInLog = 0;
		};
		C36007C4220891C5A5C420C0 /* Copy Pods Resources */ = {
			isa = PBXShellScriptBuildPhase;
			buildActionMask = 2147483647;
			files = (
			);
			inputPaths = (
			);
			name = "Copy Pods Resources";
			outputPaths = (
			);
			runOnlyForDeploymentPostprocessing = 0;
			shellPath = /bin/sh;
			shellScript = "\"${SRCROOT}/Pods/Target Support Files/Pods-RPi Volume/Pods-RPi Volume-resources.sh\"\n";
			showEnvVarsInLog = 0;
		};
/* End PBXShellScriptBuildPhase section */

/* Begin PBXSourcesBuildPhase section */
		E576996A1D18CA47003BDE42 /* Sources */ = {
			isa = PBXSourcesBuildPhase;
			buildActionMask = 2147483647;
			files = (
				E57699791D18CA47003BDE42 /* ViewController.m in Sources */,
				E57699761D18CA47003BDE42 /* main.m in Sources */,
				E57699731D18CA47003BDE42 /* AppDelegate.m in Sources */,
			);
			runOnlyForDeploymentPostprocessing = 0;
		};
		E57699801D18CA48003BDE42 /* Sources */ = {
			isa = PBXSourcesBuildPhase;
			buildActionMask = 2147483647;
			files = (
				E57699891D18CA48003BDE42 /* RPi_VolumeTests.m in Sources */,
			);
			runOnlyForDeploymentPostprocessing = 0;
		};
		E576998B1D18CA48003BDE42 /* Sources */ = {
			isa = PBXSourcesBuildPhase;
			buildActionMask = 2147483647;
			files = (
				E57699941D18CA48003BDE42 /* RPi_VolumeUITests.m in Sources */,
			);
			runOnlyForDeploymentPostprocessing = 0;
		};
/* End PBXSourcesBuildPhase section */

/* Begin PBXTargetDependency section */
		E57699861D18CA48003BDE42 /* PBXTargetDependency */ = {
			isa = PBXTargetDependency;
			target = E576996D1D18CA47003BDE42 /* RPi Volume */;
			targetProxy = E57699851D18CA48003BDE42 /* PBXContainerItemProxy */;
		};
		E57699911D18CA48003BDE42 /* PBXTargetDependency */ = {
			isa = PBXTargetDependency;
			target = E576996D1D18CA47003BDE42 /* RPi Volume */;
			targetProxy = E57699901D18CA48003BDE42 /* PBXContainerItemProxy */;
		};
/* End PBXTargetDependency section */

/* Begin PBXVariantGroup section */
		E576997C1D18CA47003BDE42 /* Main.storyboard */ = {
			isa = PBXVariantGroup;
			children = (
				E576997D1D18CA47003BDE42 /* Base */,
			);
			name = Main.storyboard;
			sourceTree = "<group>";
		};
/* End PBXVariantGroup section */

/* Begin XCBuildConfiguration section */
		E57699961D18CA48003BDE42 /* Debug */ = {
			isa = XCBuildConfiguration;
			buildSettings = {
				ALWAYS_SEARCH_USER_PATHS = NO;
				CLANG_ANALYZER_NONNULL = YES;
				CLANG_CXX_LANGUAGE_STANDARD = "gnu++0x";
				CLANG_CXX_LIBRARY = "libc++";
				CLANG_ENABLE_MODULES = YES;
				CLANG_ENABLE_OBJC_ARC = YES;
				CLANG_WARN_BOOL_CONVERSION = YES;
				CLANG_WARN_CONSTANT_CONVERSION = YES;
				CLANG_WARN_DIRECT_OBJC_ISA_USAGE = YES_ERROR;
				CLANG_WARN_EMPTY_BODY = YES;
				CLANG_WARN_ENUM_CONVERSION = YES;
				CLANG_WARN_INT_CONVERSION = YES;
				CLANG_WARN_OBJC_ROOT_CLASS = YES_ERROR;
				CLANG_WARN_UNREACHABLE_CODE = YES;
				CLANG_WARN__DUPLICATE_METHOD_MATCH = YES;
				CODE_SIGN_IDENTITY = "-";
				COPY_PHASE_STRIP = NO;
				DEBUG_INFORMATION_FORMAT = dwarf;
				ENABLE_STRICT_OBJC_MSGSEND = YES;
				ENABLE_TESTABILITY = YES;
				GCC_C_LANGUAGE_STANDARD = gnu99;
				GCC_DYNAMIC_NO_PIC = NO;
				GCC_NO_COMMON_BLOCKS = YES;
				GCC_OPTIMIZATION_LEVEL = 0;
				GCC_PREPROCESSOR_DEFINITIONS = (
					"DEBUG=1",
					"$(inherited)",
				);
				GCC_WARN_64_TO_32_BIT_CONVERSION = YES;
				GCC_WARN_ABOUT_RETURN_TYPE = YES_ERROR;
				GCC_WARN_UNDECLARED_SELECTOR = YES;
				GCC_WARN_UNINITIALIZED_AUTOS = YES_AGGRESSIVE;
				GCC_WARN_UNUSED_FUNCTION = YES;
				GCC_WARN_UNUSED_VARIABLE = YES;
				MACOSX_DEPLOYMENT_TARGET = 10.11;
				MTL_ENABLE_DEBUG_INFO = YES;
				ONLY_ACTIVE_ARCH = YES;
				SDKROOT = macosx;
			};
			name = Debug;
		};
		E57699971D18CA48003BDE42 /* Release */ = {
			isa = XCBuildConfiguration;
			buildSettings = {
				ALWAYS_SEARCH_USER_PATHS = NO;
				CLANG_ANALYZER_NONNULL = YES;
				CLANG_CXX_LANGUAGE_STANDARD = "gnu++0x";
				CLANG_CXX_LIBRARY = "libc++";
				CLANG_ENABLE_MODULES = YES;
				CLANG_ENABLE_OBJC_ARC = YES;
				CLANG_WARN_BOOL_CONVERSION = YES;
				CLANG_WARN_CONSTANT_CONVERSION = YES;
				CLANG_WARN_DIRECT_OBJC_ISA_USAGE = YES_ERROR;
				CLANG_WARN_EMPTY_BODY = YES;
				CLANG_WARN_ENUM_CONVERSION = YES;
				CLANG_WARN_INT_CONVERSION = YES;
				CLANG_WARN_OBJC_ROOT_CLASS = YES_ERROR;
				CLANG_WARN_UNREACHABLE_CODE = YES;
				CLANG_WARN__DUPLICATE_METHOD_MATCH = YES;
				CODE_SIGN_IDENTITY = "-";
				COPY_PHASE_STRIP = NO;
				DEBUG_INFORMATION_FORMAT = "dwarf-with-dsym";
				ENABLE_NS_ASSERTIONS = NO;
				ENABLE_STRICT_OBJC_MSGSEND = YES;
				GCC_C_LANGUAGE_STANDARD = gnu99;
				GCC_NO_COMMON_BLOCKS = YES;
				GCC_WARN_64_TO_32_BIT_CONVERSION = YES;
				GCC_WARN_ABOUT_RETURN_TYPE = YES_ERROR;
				GCC_WARN_UNDECLARED_SELECTOR = YES;
				GCC_WARN_UNINITIALIZED_AUTOS = YES_AGGRESSIVE;
				GCC_WARN_UNUSED_FUNCTION = YES;
				GCC_WARN_UNUSED_VARIABLE = YES;
				MACOSX_DEPLOYMENT_TARGET = 10.11;
				MTL_ENABLE_DEBUG_INFO = NO;
				SDKROOT = macosx;
			};
			name = Release;
		};
		E57699991D18CA48003BDE42 /* Debug */ = {
			isa = XCBuildConfiguration;
			baseConfigurationReference = 4A8982C943D22FFEA435422A /* Pods-RPi Volume.debug.xcconfig */;
			buildSettings = {
				ASSETCATALOG_COMPILER_APPICON_NAME = AppIcon;
				COMBINE_HIDPI_IMAGES = YES;
				INFOPLIST_FILE = "RPi Volume/Info.plist";
				LD_RUNPATH_SEARCH_PATHS = "$(inherited) @executable_path/../Frameworks";
				PRODUCT_BUNDLE_IDENTIFIER = "com.shankarDev.content.RPi-Volume";
				PRODUCT_NAME = "$(TARGET_NAME)";
			};
			name = Debug;
		};
		E576999A1D18CA48003BDE42 /* Release */ = {
			isa = XCBuildConfiguration;
			baseConfigurationReference = 814B2EF2823F324487B2B38B /* Pods-RPi Volume.release.xcconfig */;
			buildSettings = {
				ASSETCATALOG_COMPILER_APPICON_NAME = AppIcon;
				COMBINE_HIDPI_IMAGES = YES;
				INFOPLIST_FILE = "RPi Volume/Info.plist";
				LD_RUNPATH_SEARCH_PATHS = "$(inherited) @executable_path/../Frameworks";
				PRODUCT_BUNDLE_IDENTIFIER = "com.shankarDev.content.RPi-Volume";
				PRODUCT_NAME = "$(TARGET_NAME)";
			};
			name = Release;
		};
		E576999C1D18CA48003BDE42 /* Debug */ = {
			isa = XCBuildConfiguration;
			buildSettings = {
				BUNDLE_LOADER = "$(TEST_HOST)";
				COMBINE_HIDPI_IMAGES = YES;
				INFOPLIST_FILE = "RPi VolumeTests/Info.plist";
				LD_RUNPATH_SEARCH_PATHS = "$(inherited) @executable_path/../Frameworks @loader_path/../Frameworks";
				PRODUCT_BUNDLE_IDENTIFIER = "com.shankarDev.content.RPi-VolumeTests";
				PRODUCT_NAME = "$(TARGET_NAME)";
				TEST_HOST = "$(BUILT_PRODUCTS_DIR)/RPi Volume.app/Contents/MacOS/RPi Volume";
			};
			name = Debug;
		};
		E576999D1D18CA48003BDE42 /* Release */ = {
			isa = XCBuildConfiguration;
			buildSettings = {
				BUNDLE_LOADER = "$(TEST_HOST)";
				COMBINE_HIDPI_IMAGES = YES;
				INFOPLIST_FILE = "RPi VolumeTests/Info.plist";
				LD_RUNPATH_SEARCH_PATHS = "$(inherited) @executable_path/../Frameworks @loader_path/../Frameworks";
				PRODUCT_BUNDLE_IDENTIFIER = "com.shankarDev.content.RPi-VolumeTests";
				PRODUCT_NAME = "$(TARGET_NAME)";
				TEST_HOST = "$(BUILT_PRODUCTS_DIR)/RPi Volume.app/Contents/MacOS/RPi Volume";
			};
			name = Release;
		};
		E576999F1D18CA48003BDE42 /* Debug */ = {
			isa = XCBuildConfiguration;
			buildSettings = {
				COMBINE_HIDPI_IMAGES = YES;
				INFOPLIST_FILE = "RPi VolumeUITests/Info.plist";
				LD_RUNPATH_SEARCH_PATHS = "$(inherited) @executable_path/../Frameworks @loader_path/../Frameworks";
				PRODUCT_BUNDLE_IDENTIFIER = "com.shankarDev.content.RPi-VolumeUITests";
				PRODUCT_NAME = "$(TARGET_NAME)";
				TEST_TARGET_NAME = "RPi Volume";
			};
			name = Debug;
		};
		E57699A01D18CA48003BDE42 /* Release */ = {
			isa = XCBuildConfiguration;
			buildSettings = {
				COMBINE_HIDPI_IMAGES = YES;
				INFOPLIST_FILE = "RPi VolumeUITests/Info.plist";
				LD_RUNPATH_SEARCH_PATHS = "$(inherited) @executable_path/../Frameworks @loader_path/../Frameworks";
				PRODUCT_BUNDLE_IDENTIFIER = "com.shankarDev.content.RPi-VolumeUITests";
				PRODUCT_NAME = "$(TARGET_NAME)";
				TEST_TARGET_NAME = "RPi Volume";
			};
			name = Release;
		};
/* End XCBuildConfiguration section */

/* Begin XCConfigurationList section */
		E57699691D18CA47003BDE42 /* Build configuration list for PBXProject "RPi Volume" */ = {
			isa = XCConfigurationList;
			buildConfigurations = (
				E57699961D18CA48003BDE42 /* Debug */,
				E57699971D18CA48003BDE42 /* Release */,
			);
			defaultConfigurationIsVisible = 0;
			defaultConfigurationName = Release;
		};
		E57699981D18CA48003BDE42 /* Build configuration list for PBXNativeTarget "RPi Volume" */ = {
			isa = XCConfigurationList;
			buildConfigurations = (
				E57699991D18CA48003BDE42 /* Debug */,
				E576999A1D18CA48003BDE42 /* Release */,
			);
			defaultConfigurationIsVisible = 0;
			defaultConfigurationName = Release;
		};
		E576999B1D18CA48003BDE42 /* Build configuration list for PBXNativeTarget "RPi VolumeTests" */ = {
			isa = XCConfigurationList;
			buildConfigurations = (
				E576999C1D18CA48003BDE42 /* Debug */,
				E576999D1D18CA48003BDE42 /* Release */,
			);
			defaultConfigurationIsVisible = 0;
			defaultConfigurationName = Release;
		};
		E576999E1D18CA48003BDE42 /* Build configuration list for PBXNativeTarget "RPi VolumeUITests" */ = {
			isa = XCConfigurationList;
			buildConfigurations = (
				E576999F1D18CA48003BDE42 /* Debug */,
				E57699A01D18CA48003BDE42 /* Release */,
			);
			defaultConfigurationIsVisible = 0;
			defaultConfigurationName = Release;
		};
/* End XCConfigurationList section */
	};
	rootObject = E57699661D18CA47003BDE42 /* Project object */;
}
